{
    "_readme": [
        "This file locks the dependencies of your project to a known state",
        "Read more about it at https://getcomposer.org/doc/01-basic-usage.md#composer-lock-the-lock-file",
        "This file is @generated automatically"
    ],
    "hash": "28de1c696cddb932c65f35906854a3f8",
    "content-hash": "23767a53ea28b4e7269c30061b15fb95",
    "packages": [
        {
            "name": "tgmpa/tgm-plugin-activation",
            "version": "2.5.2",
            "source": {
                "type": "git",
                "url": "https://github.com/TGMPA/TGM-Plugin-Activation.git",
                "reference": "ba41c10e821a10d3d6c3b8e468a16716bb03f125"
            },
            "dist": {
                "type": "zip",
                "url": "https://api.github.com/repos/TGMPA/TGM-Plugin-Activation/zipball/ba41c10e821a10d3d6c3b8e468a16716bb03f125",
                "reference": "ba41c10e821a10d3d6c3b8e468a16716bb03f125",
                "shasum": ""
            },
            "require": {
                "php": ">=5.2"
            },
            "type": "library",
            "autoload": {
                "files": [
                    "class-tgm-plugin-activation.php"
                ]
            },
            "notification-url": "https://packagist.org/downloads/",
            "license": [
                "GPL-2.0+"
            ],
            "authors": [
                {
                    "name": "Thomas Griffin",
                    "homepage": "http://thomasgriffinmedia.com",
                    "role": "Developer"
                },
                {
                    "name": "Gary Jones",
                    "homepage": "https://github.com/GaryJones",
                    "role": "Developer"
                },
                {
                    "name": "Juliette Reinders Folmer",
                    "homepage": "https://github.com/jrfnl",
                    "role": "Developer"
                }
            ],
            "description": "TGM Plugin Activation is a PHP library that allows you to easily require or recommend plugins for your WordPress themes (and plugins).",
            "homepage": "http://tgmpluginactivation.com",
            "keywords": [
                "activation",
                "library",
                "plugins",
                "theme",
                "wordpress"
            ],
            "time": "2015-07-16 08:59:11"
        },
        {
            "name": "xrstf/composer-php52",
            "version": "dev-default",
            "source": {
                "type": "hg",
                "url": "https://bitbucket.org/xrstf/composer-php52",
                "reference": "724d62b7fdcf102a6c4097f5f1c2026f124583a5"
            },
            "dist": {
                "type": "zip",
                "url": "https://bitbucket.org/xrstf/composer-php52/get/724d62b7fdcf102a6c4097f5f1c2026f124583a5.zip",
                "reference": "724d62b7fdcf102a6c4097f5f1c2026f124583a5",
                "shasum": ""
            },
            "type": "library",
            "extra": {
                "branch-alias": {
                    "dev-default": "1.x-dev"
                }
            },
            "autoload": {
                "psr-0": {
                    "xrstf\\Composer52": "lib/"
                }
            },
            "notification-url": "https://packagist.org/downloads/",
            "license": [
                "MIT"
            ],
            "homepage": "http://www.xrstf.de/",
            "time": "2015-10-01 14:12:30"
        }
    ],
    "packages-dev": [],
    "aliases": [],
    "minimum-stability": "dev",
    "stability-flags": [],
    "prefer-stable": false,
    "prefer-lowest": false,
    "platform": {
        "php": ">=5.2"
    },
    "platform-dev": []
}
